
Microsoft Visual Studio Solution File, Format Version 12.00
# Visual Studio Version 17
VisualStudioVersion = 17.4.33122.133
MinimumVisualStudioVersion = 10.0.40219.1
Project("{FAE04EC0-301F-11D3-BF4B-00C04F79EFBC}") = "NewProject", "NewProject\NewProject.csproj", "{3B0231E8-C34E-45B6-8104-E3FEB18ADD77}"
EndProject
Global
	GlobalSection(SolutionConfigurationPlatforms) = preSolution
		Debug|Any CPU = Debug|Any CPU
		Release|Any CPU = Release|Any CPU
	EndGlobalSection
	GlobalSection(ProjectConfigurationPlatforms) = postSolution
		{3B0231E8-C34E-45B6-8104-E3FEB18ADD77}.Debug|Any CPU.ActiveCfg = Debug|Any CPU
		{3B0231E8-C34E-45B6-8104-E3FEB18ADD77}.Debug|Any CPU.Build.0 = Debug|Any CPU
		{3B0231E8-C34E-45B6-8104-E3FEB18ADD77}.Release|Any CPU.ActiveCfg = Release|Any CPU
		{3B0231E8-C34E-45B6-8104-E3FEB18ADD77}.Release|Any CPU.Build.0 = Release|Any CPU
	EndGlobalSection
	GlobalSection(SolutionProperties) = preSolution
		HideSolutionNode = FALSE
	EndGlobalSection
	GlobalSection(ExtensibilityGlobals) = postSolution
		SolutionGuid = {AEC576DB-FCBB-4B97-A6AE-CBB70493798D}
	EndGlobalSection
EndGlobal
